Microsoft Visual Studio Solution File, Format Version 12.00
# Visual Studio 2012
Project("{2150E333-8FDC-42A3-9474-1A3956D46DE8}") = "Core", "Core", "{3CBF8842-15D2-417F-84DA-237C457273AB}"
EndProject
Project("{2150E333-8FDC-42A3-9474-1A3956D46DE8}") = "Tests", "Tests", "{8320022E-4A22-417F-8CED-FB194BB063E9}"
EndProject
Project("{2150E333-8FDC-42A3-9474-1A3956D46DE8}") = "Master", "Master", "{9FBC4FF3-0992-46F0-80B0-7AC971C78E00}"
EndProject
Project("{2150E333-8FDC-42A3-9474-1A3956D46DE8}") = "Core", "Core", "{C74D19F4-3541-4954-87EA-ADDFDC9B3C6A}"
EndProject
Project("{2150E333-8FDC-42A3-9474-1A3956D46DE8}") = "Master", "Master", "{AA3680F1-4CBD-44ED-8649-D06825C13F09}"
EndProject
Project("{2150E333-8FDC-42A3-9474-1A3956D46DE8}") = "Drones", "Drones", "{816ECE4E-225B-427D-AB3D-1E1DED1AC833}"
EndProject
Project("{2150E333-8FDC-42A3-9474-1A3956D46DE8}") = "Drones", "Drones", "{403DB2FF-5FE3-4A27-9F13-F10F46DF9990}"
EndProject
Project("{FAE04EC0-301F-11D3-BF4B-00C04F79EFBC}") = "SpeedyMailer.Core", "SpeedyMailer.Core\SpeedyMailer.Core.csproj", "{5CF80BBC-A484-4339-ADE6-F6C902B961B1}"
EndProject
Project("{FAE04EC0-301F-11D3-BF4B-00C04F79EFBC}") = "SpeedyMailer.Tests.Core", "SpeedyMailer.Tests.Core\SpeedyMailer.Tests.Core.csproj", "{CECA9509-77E6-4618-9D15-27BE3A311D35}"
EndProject
Project("{FAE04EC0-301F-11D3-BF4B-00C04F79EFBC}") = "SpeedyMailer.Tests.Acceptance", "SpeedyMailer.Tests.Acceptance\SpeedyMailer.Tests.Acceptance.csproj", "{9E6115E0-9A7B-42AB-B512-C8B251F4B3A3}"
EndProject
Project("{FAE04EC0-301F-11D3-BF4B-00C04F79EFBC}") = "SpeedyMailer.Master.Service", "SpeedyMailer.Master.Service\SpeedyMailer.Master.Service.csproj", "{88070415-7AA8-4C82-BC2D-983BB8116FF7}"
EndProject
Project("{FAE04EC0-301F-11D3-BF4B-00C04F79EFBC}") = "SpeedyMailer.Master.Web.Core", "SpeedyMailer.Master.Web.Core\SpeedyMailer.Master.Web.Core.csproj", "{646ADAB1-E048-4AB5-B7B7-1F61F3151E04}"
EndProject
Project("{FAE04EC0-301F-11D3-BF4B-00C04F79EFBC}") = "SpeedyMailer.Mapping", "SpeedyMailer.Mapping\SpeedyMailer.Mapping.csproj", "{639F640B-BE3D-4E53-87B8-80D652889851}"
EndProject
Project("{FAE04EC0-301F-11D3-BF4B-00C04F79EFBC}") = "SpeedyMailer.Master.Service.Tests.Unit", "SpeedyMailer.Master.Service.Tests.Unit\SpeedyMailer.Master.Service.Tests.Unit.csproj", "{FB1D2D57-AC4A-4422-BC5B-D68E41B98FAD}"
EndProject
Project("{FAE04EC0-301F-11D3-BF4B-00C04F79EFBC}") = "SpeedyMailer.Master.Service.Tests.Integration", "SpeedyMailer.Master.Service.Tests.Integration\SpeedyMailer.Master.Service.Tests.Integration.csproj", "{54C3F77D-5E13-4FA9-B8AE-65DE8C1A9D7C}"
EndProject
Project("{FAE04EC0-301F-11D3-BF4B-00C04F79EFBC}") = "SpeedyMailer.Core.Tests.Unit", "SpeedyMailer.Core.Tests.Unit\SpeedyMailer.Core.Tests.Unit.csproj", "{C04698CD-7517-496C-A5E1-66A3AC7E34C4}"
EndProject
Project("{FAE04EC0-301F-11D3-BF4B-00C04F79EFBC}") = "SpeedyMailer.Core.Tests.Integration", "SpeedyMailer.Core.Tests.Integration\SpeedyMailer.Core.Tests.Integration.csproj", "{BC5F0F5D-713E-4C1D-8B76-16AD41ACD24D}"
EndProject
Project("{FAE04EC0-301F-11D3-BF4B-00C04F79EFBC}") = "SpeedyMailer.Drones", "SpeedyMailer.Drones\SpeedyMailer.Drones.csproj", "{D1A0856E-4C66-4E6A-AC41-212FEA0D3D84}"
EndProject
Project("{FAE04EC0-301F-11D3-BF4B-00C04F79EFBC}") = "SpeedyMailer.Drones.Tests.Unit", "SpeedyMailer.Drones.Tests.Unit\SpeedyMailer.Drones.Tests.Unit.csproj", "{C38CDE41-1504-4944-AD26-7DF686C70878}"
EndProject
Project("{FAE04EC0-301F-11D3-BF4B-00C04F79EFBC}") = "SpeedyMailer.Drones.Tests.Integration", "SpeedyMailer.Drones.Tests.Integration\SpeedyMailer.Drones.Tests.Integration.csproj", "{69B34FBC-A9AD-4EE7-B450-E868BB4CF373}"
EndProject
Project("{FAE04EC0-301F-11D3-BF4B-00C04F79EFBC}") = "SpeedyMailer.Master.Web.Api", "SpeedyMailer.Master.Web.Api\SpeedyMailer.Master.Web.Api.csproj", "{CDE3D01F-D65C-455E-83FB-B5282ACB1222}"
EndProject
Project("{FAE04EC0-301F-11D3-BF4B-00C04F79EFBC}") = "SpeedyMailer.Master.Web.App", "SpeedyMailer.Master.Web.App\SpeedyMailer.Master.Web.App.csproj", "{0369672A-FA69-4B5F-84C6-3A710BDBCE8D}"
EndProject
Project("{2150E333-8FDC-42A3-9474-1A3956D46DE8}") = "Acceptence", "Acceptence", "{A0AF2FB0-56C0-4614-AEE8-B969B08D8943}"
EndProject
Project("{FAE04EC0-301F-11D3-BF4B-00C04F79EFBC}") = "Mongol", "Mongol\Mongol.csproj", "{3D27F3B9-D705-4BEE-80E7-B16AA2ACD2C5}"
EndProject
Project("{FAE04EC0-301F-11D3-BF4B-00C04F79EFBC}") = "SpeedyMailer.Tests.Performance", "SpeedyMailer.Tests.Performance\SpeedyMailer.Tests.Performance.csproj", "{B706B158-5AC2-460D-A6A7-54AD16CE29AE}"
EndProject
Project("{FAE04EC0-301F-11D3-BF4B-00C04F79EFBC}") = "SpeedyMailer.Tests.MasterDroneConnection", "SpeedyMailer.Tests.MasterDroneConnection\SpeedyMailer.Tests.MasterDroneConnection.csproj", "{8C64CFE7-6379-44C7-8A88-77B5E0388417}"
EndProject
Global
	GlobalSection(TestCaseManagementSettings) = postSolution
		CategoryFile = SpeedyMailer.vsmdi
	EndGlobalSection
	GlobalSection(SolutionConfigurationPlatforms) = preSolution
		AutomatedRelease|Any CPU = AutomatedRelease|Any CPU
		AutomatedRelease|Mixed Platforms = AutomatedRelease|Mixed Platforms
		AutomatedRelease|x86 = AutomatedRelease|x86
		Debug|Any CPU = Debug|Any CPU
		Debug|Mixed Platforms = Debug|Mixed Platforms
		Debug|x86 = Debug|x86
		MonoDebug|Any CPU = MonoDebug|Any CPU
		MonoDebug|Mixed Platforms = MonoDebug|Mixed Platforms
		MonoDebug|x86 = MonoDebug|x86
		MonoRelease|Any CPU = MonoRelease|Any CPU
		MonoRelease|Mixed Platforms = MonoRelease|Mixed Platforms
		MonoRelease|x86 = MonoRelease|x86
		Release|Any CPU = Release|Any CPU
		Release|Mixed Platforms = Release|Mixed Platforms
		Release|x86 = Release|x86
	EndGlobalSection
	GlobalSection(ProjectConfigurationPlatforms) = postSolution
		{5CF80BBC-A484-4339-ADE6-F6C902B961B1}.AutomatedRelease|Any CPU.ActiveCfg = Release|Any CPU
		{5CF80BBC-A484-4339-ADE6-F6C902B961B1}.AutomatedRelease|Any CPU.Build.0 = Release|Any CPU
		{5CF80BBC-A484-4339-ADE6-F6C902B961B1}.AutomatedRelease|Mixed Platforms.ActiveCfg = Release|Any CPU
		{5CF80BBC-A484-4339-ADE6-F6C902B961B1}.AutomatedRelease|Mixed Platforms.Build.0 = Release|Any CPU
		{5CF80BBC-A484-4339-ADE6-F6C902B961B1}.AutomatedRelease|x86.ActiveCfg = Release|Any CPU
		{5CF80BBC-A484-4339-ADE6-F6C902B961B1}.Debug|Any CPU.ActiveCfg = Debug|Any CPU
		{5CF80BBC-A484-4339-ADE6-F6C902B961B1}.Debug|Any CPU.Build.0 = Debug|Any CPU
		{5CF80BBC-A484-4339-ADE6-F6C902B961B1}.Debug|Mixed Platforms.ActiveCfg = Debug|Any CPU
		{5CF80BBC-A484-4339-ADE6-F6C902B961B1}.Debug|Mixed Platforms.Build.0 = Debug|Any CPU
		{5CF80BBC-A484-4339-ADE6-F6C902B961B1}.Debug|x86.ActiveCfg = Debug|Any CPU
		{5CF80BBC-A484-4339-ADE6-F6C902B961B1}.MonoDebug|Any CPU.ActiveCfg = Debug|Any CPU
		{5CF80BBC-A484-4339-ADE6-F6C902B961B1}.MonoDebug|Any CPU.Build.0 = Debug|Any CPU
		{5CF80BBC-A484-4339-ADE6-F6C902B961B1}.MonoDebug|Mixed Platforms.ActiveCfg = Debug|Any CPU
		{5CF80BBC-A484-4339-ADE6-F6C902B961B1}.MonoDebug|Mixed Platforms.Build.0 = Debug|Any CPU
		{5CF80BBC-A484-4339-ADE6-F6C902B961B1}.MonoDebug|x86.ActiveCfg = Debug|Any CPU
		{5CF80BBC-A484-4339-ADE6-F6C902B961B1}.MonoRelease|Any CPU.ActiveCfg = Release|Any CPU
		{5CF80BBC-A484-4339-ADE6-F6C902B961B1}.MonoRelease|Any CPU.Build.0 = Release|Any CPU
		{5CF80BBC-A484-4339-ADE6-F6C902B961B1}.MonoRelease|Mixed Platforms.ActiveCfg = Release|Any CPU
		{5CF80BBC-A484-4339-ADE6-F6C902B961B1}.MonoRelease|Mixed Platforms.Build.0 = Release|Any CPU
		{5CF80BBC-A484-4339-ADE6-F6C902B961B1}.MonoRelease|x86.ActiveCfg = Release|Any CPU
		{5CF80BBC-A484-4339-ADE6-F6C902B961B1}.Release|Any CPU.ActiveCfg = Release|Any CPU
		{5CF80BBC-A484-4339-ADE6-F6C902B961B1}.Release|Any CPU.Build.0 = Release|Any CPU
		{5CF80BBC-A484-4339-ADE6-F6C902B961B1}.Release|Mixed Platforms.ActiveCfg = Release|Any CPU
		{5CF80BBC-A484-4339-ADE6-F6C902B961B1}.Release|Mixed Platforms.Build.0 = Release|Any CPU
		{5CF80BBC-A484-4339-ADE6-F6C902B961B1}.Release|x86.ActiveCfg = Release|Any CPU
		{CECA9509-77E6-4618-9D15-27BE3A311D35}.AutomatedRelease|Any CPU.ActiveCfg = Release|Any CPU
		{CECA9509-77E6-4618-9D15-27BE3A311D35}.AutomatedRelease|Any CPU.Build.0 = Release|Any CPU
		{CECA9509-77E6-4618-9D15-27BE3A311D35}.AutomatedRelease|Mixed Platforms.ActiveCfg = Release|Any CPU
		{CECA9509-77E6-4618-9D15-27BE3A311D35}.AutomatedRelease|Mixed Platforms.Build.0 = Release|Any CPU
		{CECA9509-77E6-4618-9D15-27BE3A311D35}.AutomatedRelease|x86.ActiveCfg = Release|Any CPU
		{CECA9509-77E6-4618-9D15-27BE3A311D35}.Debug|Any CPU.ActiveCfg = Debug|Any CPU
		{CECA9509-77E6-4618-9D15-27BE3A311D35}.Debug|Any CPU.Build.0 = Debug|Any CPU
		{CECA9509-77E6-4618-9D15-27BE3A311D35}.Debug|Mixed Platforms.ActiveCfg = Debug|Any CPU
		{CECA9509-77E6-4618-9D15-27BE3A311D35}.Debug|Mixed Platforms.Build.0 = Debug|Any CPU
		{CECA9509-77E6-4618-9D15-27BE3A311D35}.Debug|x86.ActiveCfg = Debug|Any CPU
		{CECA9509-77E6-4618-9D15-27BE3A311D35}.MonoDebug|Any CPU.ActiveCfg = Debug|Any CPU
		{CECA9509-77E6-4618-9D15-27BE3A311D35}.MonoDebug|Any CPU.Build.0 = Debug|Any CPU
		{CECA9509-77E6-4618-9D15-27BE3A311D35}.MonoDebug|Mixed Platforms.ActiveCfg = Debug|Any CPU
		{CECA9509-77E6-4618-9D15-27BE3A311D35}.MonoDebug|Mixed Platforms.Build.0 = Debug|Any CPU
		{CECA9509-77E6-4618-9D15-27BE3A311D35}.MonoDebug|x86.ActiveCfg = Debug|Any CPU
		{CECA9509-77E6-4618-9D15-27BE3A311D35}.MonoRelease|Any CPU.ActiveCfg = Release|Any CPU
		{CECA9509-77E6-4618-9D15-27BE3A311D35}.MonoRelease|Any CPU.Build.0 = Release|Any CPU
		{CECA9509-77E6-4618-9D15-27BE3A311D35}.MonoRelease|Mixed Platforms.ActiveCfg = Release|Any CPU
		{CECA9509-77E6-4618-9D15-27BE3A311D35}.MonoRelease|Mixed Platforms.Build.0 = Release|Any CPU
		{CECA9509-77E6-4618-9D15-27BE3A311D35}.MonoRelease|x86.ActiveCfg = Release|Any CPU
		{CECA9509-77E6-4618-9D15-27BE3A311D35}.Release|Any CPU.ActiveCfg = Release|Any CPU
		{CECA9509-77E6-4618-9D15-27BE3A311D35}.Release|Any CPU.Build.0 = Release|Any CPU
		{CECA9509-77E6-4618-9D15-27BE3A311D35}.Release|Mixed Platforms.ActiveCfg = Release|Any CPU
		{CECA9509-77E6-4618-9D15-27BE3A311D35}.Release|Mixed Platforms.Build.0 = Release|Any CPU
		{CECA9509-77E6-4618-9D15-27BE3A311D35}.Release|x86.ActiveCfg = Release|Any CPU
		{9E6115E0-9A7B-42AB-B512-C8B251F4B3A3}.AutomatedRelease|Any CPU.ActiveCfg = Release|Any CPU
		{9E6115E0-9A7B-42AB-B512-C8B251F4B3A3}.AutomatedRelease|Any CPU.Build.0 = Release|Any CPU
		{9E6115E0-9A7B-42AB-B512-C8B251F4B3A3}.AutomatedRelease|Mixed Platforms.ActiveCfg = Release|Any CPU
		{9E6115E0-9A7B-42AB-B512-C8B251F4B3A3}.AutomatedRelease|Mixed Platforms.Build.0 = Release|Any CPU
		{9E6115E0-9A7B-42AB-B512-C8B251F4B3A3}.AutomatedRelease|x86.ActiveCfg = Release|Any CPU
		{9E6115E0-9A7B-42AB-B512-C8B251F4B3A3}.Debug|Any CPU.ActiveCfg = Debug|Any CPU
		{9E6115E0-9A7B-42AB-B512-C8B251F4B3A3}.Debug|Any CPU.Build.0 = Debug|Any CPU
		{9E6115E0-9A7B-42AB-B512-C8B251F4B3A3}.Debug|Mixed Platforms.ActiveCfg = Debug|Any CPU
		{9E6115E0-9A7B-42AB-B512-C8B251F4B3A3}.Debug|Mixed Platforms.Build.0 = Debug|Any CPU
		{9E6115E0-9A7B-42AB-B512-C8B251F4B3A3}.Debug|x86.ActiveCfg = Debug|Any CPU
		{9E6115E0-9A7B-42AB-B512-C8B251F4B3A3}.MonoDebug|Any CPU.ActiveCfg = Debug|Any CPU
		{9E6115E0-9A7B-42AB-B512-C8B251F4B3A3}.MonoDebug|Any CPU.Build.0 = Debug|Any CPU
		{9E6115E0-9A7B-42AB-B512-C8B251F4B3A3}.MonoDebug|Mixed Platforms.ActiveCfg = Debug|Any CPU
		{9E6115E0-9A7B-42AB-B512-C8B251F4B3A3}.MonoDebug|Mixed Platforms.Build.0 = Debug|Any CPU
		{9E6115E0-9A7B-42AB-B512-C8B251F4B3A3}.MonoDebug|x86.ActiveCfg = Debug|Any CPU
		{9E6115E0-9A7B-42AB-B512-C8B251F4B3A3}.MonoRelease|Any CPU.ActiveCfg = Release|Any CPU
		{9E6115E0-9A7B-42AB-B512-C8B251F4B3A3}.MonoRelease|Any CPU.Build.0 = Release|Any CPU
		{9E6115E0-9A7B-42AB-B512-C8B251F4B3A3}.MonoRelease|Mixed Platforms.ActiveCfg = Release|Any CPU
		{9E6115E0-9A7B-42AB-B512-C8B251F4B3A3}.MonoRelease|Mixed Platforms.Build.0 = Release|Any CPU
		{9E6115E0-9A7B-42AB-B512-C8B251F4B3A3}.MonoRelease|x86.ActiveCfg = Release|Any CPU
		{9E6115E0-9A7B-42AB-B512-C8B251F4B3A3}.Release|Any CPU.ActiveCfg = Release|Any CPU
		{9E6115E0-9A7B-42AB-B512-C8B251F4B3A3}.Release|Any CPU.Build.0 = Release|Any CPU
		{9E6115E0-9A7B-42AB-B512-C8B251F4B3A3}.Release|Mixed Platforms.ActiveCfg = Release|Any CPU
		{9E6115E0-9A7B-42AB-B512-C8B251F4B3A3}.Release|Mixed Platforms.Build.0 = Release|Any CPU
		{9E6115E0-9A7B-42AB-B512-C8B251F4B3A3}.Release|x86.ActiveCfg = Release|Any CPU
		{88070415-7AA8-4C82-BC2D-983BB8116FF7}.AutomatedRelease|Any CPU.ActiveCfg = Release|x86
		{88070415-7AA8-4C82-BC2D-983BB8116FF7}.AutomatedRelease|Mixed Platforms.ActiveCfg = Release|x86
		{88070415-7AA8-4C82-BC2D-983BB8116FF7}.AutomatedRelease|Mixed Platforms.Build.0 = Release|x86
		{88070415-7AA8-4C82-BC2D-983BB8116FF7}.AutomatedRelease|x86.ActiveCfg = Release|x86
		{88070415-7AA8-4C82-BC2D-983BB8116FF7}.AutomatedRelease|x86.Build.0 = Release|x86
		{88070415-7AA8-4C82-BC2D-983BB8116FF7}.Debug|Any CPU.ActiveCfg = Debug|x86
		{88070415-7AA8-4C82-BC2D-983BB8116FF7}.Debug|Mixed Platforms.ActiveCfg = Debug|x86
		{88070415-7AA8-4C82-BC2D-983BB8116FF7}.Debug|Mixed Platforms.Build.0 = Debug|x86
		{88070415-7AA8-4C82-BC2D-983BB8116FF7}.Debug|x86.ActiveCfg = Debug|x86
		{88070415-7AA8-4C82-BC2D-983BB8116FF7}.Debug|x86.Build.0 = Debug|x86
		{88070415-7AA8-4C82-BC2D-983BB8116FF7}.MonoDebug|Any CPU.ActiveCfg = Debug|x86
		{88070415-7AA8-4C82-BC2D-983BB8116FF7}.MonoDebug|Mixed Platforms.ActiveCfg = Debug|x86
		{88070415-7AA8-4C82-BC2D-983BB8116FF7}.MonoDebug|Mixed Platforms.Build.0 = Debug|x86
		{88070415-7AA8-4C82-BC2D-983BB8116FF7}.MonoDebug|x86.ActiveCfg = Debug|x86
		{88070415-7AA8-4C82-BC2D-983BB8116FF7}.MonoDebug|x86.Build.0 = Debug|x86
		{88070415-7AA8-4C82-BC2D-983BB8116FF7}.MonoRelease|Any CPU.ActiveCfg = Release|x86
		{88070415-7AA8-4C82-BC2D-983BB8116FF7}.MonoRelease|Mixed Platforms.ActiveCfg = Release|x86
		{88070415-7AA8-4C82-BC2D-983BB8116FF7}.MonoRelease|Mixed Platforms.Build.0 = Release|x86
		{88070415-7AA8-4C82-BC2D-983BB8116FF7}.MonoRelease|x86.ActiveCfg = Release|x86
		{88070415-7AA8-4C82-BC2D-983BB8116FF7}.MonoRelease|x86.Build.0 = Release|x86
		{88070415-7AA8-4C82-BC2D-983BB8116FF7}.Release|Any CPU.ActiveCfg = Release|x86
		{88070415-7AA8-4C82-BC2D-983BB8116FF7}.Release|Mixed Platforms.ActiveCfg = Release|x86
		{88070415-7AA8-4C82-BC2D-983BB8116FF7}.Release|Mixed Platforms.Build.0 = Release|x86
		{88070415-7AA8-4C82-BC2D-983BB8116FF7}.Release|x86.ActiveCfg = Release|x86
		{88070415-7AA8-4C82-BC2D-983BB8116FF7}.Release|x86.Build.0 = Release|x86
		{646ADAB1-E048-4AB5-B7B7-1F61F3151E04}.AutomatedRelease|Any CPU.ActiveCfg = Release|Any CPU
		{646ADAB1-E048-4AB5-B7B7-1F61F3151E04}.AutomatedRelease|Any CPU.Build.0 = Release|Any CPU
		{646ADAB1-E048-4AB5-B7B7-1F61F3151E04}.AutomatedRelease|Mixed Platforms.ActiveCfg = Release|Any CPU
		{646ADAB1-E048-4AB5-B7B7-1F61F3151E04}.AutomatedRelease|Mixed Platforms.Build.0 = Release|Any CPU
		{646ADAB1-E048-4AB5-B7B7-1F61F3151E04}.AutomatedRelease|x86.ActiveCfg = Release|Any CPU
		{646ADAB1-E048-4AB5-B7B7-1F61F3151E04}.Debug|Any CPU.ActiveCfg = Debug|Any CPU
		{646ADAB1-E048-4AB5-B7B7-1F61F3151E04}.Debug|Any CPU.Build.0 = Debug|Any CPU
		{646ADAB1-E048-4AB5-B7B7-1F61F3151E04}.Debug|Mixed Platforms.ActiveCfg = Debug|Any CPU
		{646ADAB1-E048-4AB5-B7B7-1F61F3151E04}.Debug|Mixed Platforms.Build.0 = Debug|Any CPU
		{646ADAB1-E048-4AB5-B7B7-1F61F3151E04}.Debug|x86.ActiveCfg = Debug|Any CPU
		{646ADAB1-E048-4AB5-B7B7-1F61F3151E04}.MonoDebug|Any CPU.ActiveCfg = Debug|Any CPU
		{646ADAB1-E048-4AB5-B7B7-1F61F3151E04}.MonoDebug|Any CPU.Build.0 = Debug|Any CPU
		{646ADAB1-E048-4AB5-B7B7-1F61F3151E04}.MonoDebug|Mixed Platforms.ActiveCfg = Debug|Any CPU
		{646ADAB1-E048-4AB5-B7B7-1F61F3151E04}.MonoDebug|Mixed Platforms.Build.0 = Debug|Any CPU
		{646ADAB1-E048-4AB5-B7B7-1F61F3151E04}.MonoDebug|x86.ActiveCfg = Debug|Any CPU
		{646ADAB1-E048-4AB5-B7B7-1F61F3151E04}.MonoRelease|Any CPU.ActiveCfg = Release|Any CPU
		{646ADAB1-E048-4AB5-B7B7-1F61F3151E04}.MonoRelease|Any CPU.Build.0 = Release|Any CPU
		{646ADAB1-E048-4AB5-B7B7-1F61F3151E04}.MonoRelease|Mixed Platforms.ActiveCfg = Release|Any CPU
		{646ADAB1-E048-4AB5-B7B7-1F61F3151E04}.MonoRelease|Mixed Platforms.Build.0 = Release|Any CPU
		{646ADAB1-E048-4AB5-B7B7-1F61F3151E04}.MonoRelease|x86.ActiveCfg = Release|Any CPU
		{646ADAB1-E048-4AB5-B7B7-1F61F3151E04}.Release|Any CPU.ActiveCfg = Release|Any CPU
		{646ADAB1-E048-4AB5-B7B7-1F61F3151E04}.Release|Any CPU.Build.0 = Release|Any CPU
		{646ADAB1-E048-4AB5-B7B7-1F61F3151E04}.Release|Mixed Platforms.ActiveCfg = Release|Any CPU
		{646ADAB1-E048-4AB5-B7B7-1F61F3151E04}.Release|Mixed Platforms.Build.0 = Release|Any CPU
		{646ADAB1-E048-4AB5-B7B7-1F61F3151E04}.Release|x86.ActiveCfg = Release|Any CPU
		{639F640B-BE3D-4E53-87B8-80D652889851}.AutomatedRelease|Any CPU.ActiveCfg = Release|Any CPU
		{639F640B-BE3D-4E53-87B8-80D652889851}.AutomatedRelease|Any CPU.Build.0 = Release|Any CPU
		{639F640B-BE3D-4E53-87B8-80D652889851}.AutomatedRelease|Mixed Platforms.ActiveCfg = Release|Any CPU
		{639F640B-BE3D-4E53-87B8-80D652889851}.AutomatedRelease|Mixed Platforms.Build.0 = Release|Any CPU
		{639F640B-BE3D-4E53-87B8-80D652889851}.AutomatedRelease|x86.ActiveCfg = Release|Any CPU
		{639F640B-BE3D-4E53-87B8-80D652889851}.Debug|Any CPU.ActiveCfg = Debug|Any CPU
		{639F640B-BE3D-4E53-87B8-80D652889851}.Debug|Any CPU.Build.0 = Debug|Any CPU
		{639F640B-BE3D-4E53-87B8-80D652889851}.Debug|Mixed Platforms.ActiveCfg = Debug|Any CPU
		{639F640B-BE3D-4E53-87B8-80D652889851}.Debug|Mixed Platforms.Build.0 = Debug|Any CPU
		{639F640B-BE3D-4E53-87B8-80D652889851}.Debug|x86.ActiveCfg = Debug|Any CPU
		{639F640B-BE3D-4E53-87B8-80D652889851}.MonoDebug|Any CPU.ActiveCfg = Debug|Any CPU
		{639F640B-BE3D-4E53-87B8-80D652889851}.MonoDebug|Any CPU.Build.0 = Debug|Any CPU
		{639F640B-BE3D-4E53-87B8-80D652889851}.MonoDebug|Mixed Platforms.ActiveCfg = Debug|Any CPU
		{639F640B-BE3D-4E53-87B8-80D652889851}.MonoDebug|Mixed Platforms.Build.0 = Debug|Any CPU
		{639F640B-BE3D-4E53-87B8-80D652889851}.MonoDebug|x86.ActiveCfg = Debug|Any CPU
		{639F640B-BE3D-4E53-87B8-80D652889851}.MonoRelease|Any CPU.ActiveCfg = Release|Any CPU
		{639F640B-BE3D-4E53-87B8-80D652889851}.MonoRelease|Any CPU.Build.0 = Release|Any CPU
		{639F640B-BE3D-4E53-87B8-80D652889851}.MonoRelease|Mixed Platforms.ActiveCfg = Release|Any CPU
		{639F640B-BE3D-4E53-87B8-80D652889851}.MonoRelease|Mixed Platforms.Build.0 = Release|Any CPU
		{639F640B-BE3D-4E53-87B8-80D652889851}.MonoRelease|x86.ActiveCfg = Release|Any CPU
		{639F640B-BE3D-4E53-87B8-80D652889851}.Release|Any CPU.ActiveCfg = Release|Any CPU
		{639F640B-BE3D-4E53-87B8-80D652889851}.Release|Any CPU.Build.0 = Release|Any CPU
		{639F640B-BE3D-4E53-87B8-80D652889851}.Release|Mixed Platforms.ActiveCfg = Release|Any CPU
		{639F640B-BE3D-4E53-87B8-80D652889851}.Release|Mixed Platforms.Build.0 = Release|Any CPU
		{639F640B-BE3D-4E53-87B8-80D652889851}.Release|x86.ActiveCfg = Release|Any CPU
		{FB1D2D57-AC4A-4422-BC5B-D68E41B98FAD}.AutomatedRelease|Any CPU.ActiveCfg = Release|Any CPU
		{FB1D2D57-AC4A-4422-BC5B-D68E41B98FAD}.AutomatedRelease|Any CPU.Build.0 = Release|Any CPU
		{FB1D2D57-AC4A-4422-BC5B-D68E41B98FAD}.AutomatedRelease|Mixed Platforms.ActiveCfg = Release|Any CPU
		{FB1D2D57-AC4A-4422-BC5B-D68E41B98FAD}.AutomatedRelease|Mixed Platforms.Build.0 = Release|Any CPU
		{FB1D2D57-AC4A-4422-BC5B-D68E41B98FAD}.AutomatedRelease|x86.ActiveCfg = Release|Any CPU
		{FB1D2D57-AC4A-4422-BC5B-D68E41B98FAD}.Debug|Any CPU.ActiveCfg = Debug|Any CPU
		{FB1D2D57-AC4A-4422-BC5B-D68E41B98FAD}.Debug|Any CPU.Build.0 = Debug|Any CPU
		{FB1D2D57-AC4A-4422-BC5B-D68E41B98FAD}.Debug|Mixed Platforms.ActiveCfg = Debug|Any CPU
		{FB1D2D57-AC4A-4422-BC5B-D68E41B98FAD}.Debug|Mixed Platforms.Build.0 = Debug|Any CPU
		{FB1D2D57-AC4A-4422-BC5B-D68E41B98FAD}.Debug|x86.ActiveCfg = Debug|Any CPU
		{FB1D2D57-AC4A-4422-BC5B-D68E41B98FAD}.MonoDebug|Any CPU.ActiveCfg = Debug|Any CPU
		{FB1D2D57-AC4A-4422-BC5B-D68E41B98FAD}.MonoDebug|Any CPU.Build.0 = Debug|Any CPU
		{FB1D2D57-AC4A-4422-BC5B-D68E41B98FAD}.MonoDebug|Mixed Platforms.ActiveCfg = Debug|Any CPU
		{FB1D2D57-AC4A-4422-BC5B-D68E41B98FAD}.MonoDebug|Mixed Platforms.Build.0 = Debug|Any CPU
		{FB1D2D57-AC4A-4422-BC5B-D68E41B98FAD}.MonoDebug|x86.ActiveCfg = Debug|Any CPU
		{FB1D2D57-AC4A-4422-BC5B-D68E41B98FAD}.MonoRelease|Any CPU.ActiveCfg = Release|Any CPU
		{FB1D2D57-AC4A-4422-BC5B-D68E41B98FAD}.MonoRelease|Any CPU.Build.0 = Release|Any CPU
		{FB1D2D57-AC4A-4422-BC5B-D68E41B98FAD}.MonoRelease|Mixed Platforms.ActiveCfg = Release|Any CPU
		{FB1D2D57-AC4A-4422-BC5B-D68E41B98FAD}.MonoRelease|Mixed Platforms.Build.0 = Release|Any CPU
		{FB1D2D57-AC4A-4422-BC5B-D68E41B98FAD}.MonoRelease|x86.ActiveCfg = Release|Any CPU
		{FB1D2D57-AC4A-4422-BC5B-D68E41B98FAD}.Release|Any CPU.ActiveCfg = Release|Any CPU
		{FB1D2D57-AC4A-4422-BC5B-D68E41B98FAD}.Release|Any CPU.Build.0 = Release|Any CPU
		{FB1D2D57-AC4A-4422-BC5B-D68E41B98FAD}.Release|Mixed Platforms.ActiveCfg = Release|Any CPU
		{FB1D2D57-AC4A-4422-BC5B-D68E41B98FAD}.Release|Mixed Platforms.Build.0 = Release|Any CPU
		{FB1D2D57-AC4A-4422-BC5B-D68E41B98FAD}.Release|x86.ActiveCfg = Release|Any CPU
		{54C3F77D-5E13-4FA9-B8AE-65DE8C1A9D7C}.AutomatedRelease|Any CPU.ActiveCfg = Release|Any CPU
		{54C3F77D-5E13-4FA9-B8AE-65DE8C1A9D7C}.AutomatedRelease|Any CPU.Build.0 = Release|Any CPU
		{54C3F77D-5E13-4FA9-B8AE-65DE8C1A9D7C}.AutomatedRelease|Mixed Platforms.ActiveCfg = Release|Any CPU
		{54C3F77D-5E13-4FA9-B8AE-65DE8C1A9D7C}.AutomatedRelease|Mixed Platforms.Build.0 = Release|Any CPU
		{54C3F77D-5E13-4FA9-B8AE-65DE8C1A9D7C}.AutomatedRelease|x86.ActiveCfg = Release|Any CPU
		{54C3F77D-5E13-4FA9-B8AE-65DE8C1A9D7C}.Debug|Any CPU.ActiveCfg = Debug|Any CPU
		{54C3F77D-5E13-4FA9-B8AE-65DE8C1A9D7C}.Debug|Any CPU.Build.0 = Debug|Any CPU
		{54C3F77D-5E13-4FA9-B8AE-65DE8C1A9D7C}.Debug|Mixed Platforms.ActiveCfg = Debug|Any CPU
		{54C3F77D-5E13-4FA9-B8AE-65DE8C1A9D7C}.Debug|Mixed Platforms.Build.0 = Debug|Any CPU
		{54C3F77D-5E13-4FA9-B8AE-65DE8C1A9D7C}.Debug|x86.ActiveCfg = Debug|Any CPU
		{54C3F77D-5E13-4FA9-B8AE-65DE8C1A9D7C}.MonoDebug|Any CPU.ActiveCfg = Debug|Any CPU
		{54C3F77D-5E13-4FA9-B8AE-65DE8C1A9D7C}.MonoDebug|Any CPU.Build.0 = Debug|Any CPU
		{54C3F77D-5E13-4FA9-B8AE-65DE8C1A9D7C}.MonoDebug|Mixed Platforms.ActiveCfg = Debug|Any CPU
		{54C3F77D-5E13-4FA9-B8AE-65DE8C1A9D7C}.MonoDebug|Mixed Platforms.Build.0 = Debug|Any CPU
		{54C3F77D-5E13-4FA9-B8AE-65DE8C1A9D7C}.MonoDebug|x86.ActiveCfg = Debug|Any CPU
		{54C3F77D-5E13-4FA9-B8AE-65DE8C1A9D7C}.MonoRelease|Any CPU.ActiveCfg = Release|Any CPU
		{54C3F77D-5E13-4FA9-B8AE-65DE8C1A9D7C}.MonoRelease|Any CPU.Build.0 = Release|Any CPU
		{54C3F77D-5E13-4FA9-B8AE-65DE8C1A9D7C}.MonoRelease|Mixed Platforms.ActiveCfg = Release|Any CPU
		{54C3F77D-5E13-4FA9-B8AE-65DE8C1A9D7C}.MonoRelease|Mixed Platforms.Build.0 = Release|Any CPU
		{54C3F77D-5E13-4FA9-B8AE-65DE8C1A9D7C}.MonoRelease|x86.ActiveCfg = Release|Any CPU
		{54C3F77D-5E13-4FA9-B8AE-65DE8C1A9D7C}.Release|Any CPU.ActiveCfg = Release|Any CPU
		{54C3F77D-5E13-4FA9-B8AE-65DE8C1A9D7C}.Release|Any CPU.Build.0 = Release|Any CPU
		{54C3F77D-5E13-4FA9-B8AE-65DE8C1A9D7C}.Release|Mixed Platforms.ActiveCfg = Release|Any CPU
		{54C3F77D-5E13-4FA9-B8AE-65DE8C1A9D7C}.Release|Mixed Platforms.Build.0 = Release|Any CPU
		{54C3F77D-5E13-4FA9-B8AE-65DE8C1A9D7C}.Release|x86.ActiveCfg = Release|Any CPU
		{C04698CD-7517-496C-A5E1-66A3AC7E34C4}.AutomatedRelease|Any CPU.ActiveCfg = Release|Any CPU
		{C04698CD-7517-496C-A5E1-66A3AC7E34C4}.AutomatedRelease|Any CPU.Build.0 = Release|Any CPU
		{C04698CD-7517-496C-A5E1-66A3AC7E34C4}.AutomatedRelease|Mixed Platforms.ActiveCfg = Release|Any CPU
		{C04698CD-7517-496C-A5E1-66A3AC7E34C4}.AutomatedRelease|Mixed Platforms.Build.0 = Release|Any CPU
		{C04698CD-7517-496C-A5E1-66A3AC7E34C4}.AutomatedRelease|x86.ActiveCfg = Release|Any CPU
		{C04698CD-7517-496C-A5E1-66A3AC7E34C4}.Debug|Any CPU.ActiveCfg = Debug|Any CPU
		{C04698CD-7517-496C-A5E1-66A3AC7E34C4}.Debug|Any CPU.Build.0 = Debug|Any CPU
		{C04698CD-7517-496C-A5E1-66A3AC7E34C4}.Debug|Mixed Platforms.ActiveCfg = Debug|Any CPU
		{C04698CD-7517-496C-A5E1-66A3AC7E34C4}.Debug|Mixed Platforms.Build.0 = Debug|Any CPU
		{C04698CD-7517-496C-A5E1-66A3AC7E34C4}.Debug|x86.ActiveCfg = Debug|Any CPU
		{C04698CD-7517-496C-A5E1-66A3AC7E34C4}.MonoDebug|Any CPU.ActiveCfg = Debug|Any CPU
		{C04698CD-7517-496C-A5E1-66A3AC7E34C4}.MonoDebug|Any CPU.Build.0 = Debug|Any CPU
		{C04698CD-7517-496C-A5E1-66A3AC7E34C4}.MonoDebug|Mixed Platforms.ActiveCfg = Debug|Any CPU
		{C04698CD-7517-496C-A5E1-66A3AC7E34C4}.MonoDebug|Mixed Platforms.Build.0 = Debug|Any CPU
		{C04698CD-7517-496C-A5E1-66A3AC7E34C4}.MonoDebug|x86.ActiveCfg = Debug|Any CPU
		{C04698CD-7517-496C-A5E1-66A3AC7E34C4}.MonoRelease|Any CPU.ActiveCfg = Release|Any CPU
		{C04698CD-7517-496C-A5E1-66A3AC7E34C4}.MonoRelease|Any CPU.Build.0 = Release|Any CPU
		{C04698CD-7517-496C-A5E1-66A3AC7E34C4}.MonoRelease|Mixed Platforms.ActiveCfg = Release|Any CPU
		{C04698CD-7517-496C-A5E1-66A3AC7E34C4}.MonoRelease|Mixed Platforms.Build.0 = Release|Any CPU
		{C04698CD-7517-496C-A5E1-66A3AC7E34C4}.MonoRelease|x86.ActiveCfg = Release|Any CPU
		{C04698CD-7517-496C-A5E1-66A3AC7E34C4}.Release|Any CPU.ActiveCfg = Release|Any CPU
		{C04698CD-7517-496C-A5E1-66A3AC7E34C4}.Release|Any CPU.Build.0 = Release|Any CPU
		{C04698CD-7517-496C-A5E1-66A3AC7E34C4}.Release|Mixed Platforms.ActiveCfg = Release|Any CPU
		{C04698CD-7517-496C-A5E1-66A3AC7E34C4}.Release|Mixed Platforms.Build.0 = Release|Any CPU
		{C04698CD-7517-496C-A5E1-66A3AC7E34C4}.Release|x86.ActiveCfg = Release|Any CPU
		{BC5F0F5D-713E-4C1D-8B76-16AD41ACD24D}.AutomatedRelease|Any CPU.ActiveCfg = Release|Any CPU
		{BC5F0F5D-713E-4C1D-8B76-16AD41ACD24D}.AutomatedRelease|Any CPU.Build.0 = Release|Any CPU
		{BC5F0F5D-713E-4C1D-8B76-16AD41ACD24D}.AutomatedRelease|Mixed Platforms.ActiveCfg = Release|Any CPU
		{BC5F0F5D-713E-4C1D-8B76-16AD41ACD24D}.AutomatedRelease|Mixed Platforms.Build.0 = Release|Any CPU
		{BC5F0F5D-713E-4C1D-8B76-16AD41ACD24D}.AutomatedRelease|x86.ActiveCfg = Release|Any CPU
		{BC5F0F5D-713E-4C1D-8B76-16AD41ACD24D}.Debug|Any CPU.ActiveCfg = Debug|Any CPU
		{BC5F0F5D-713E-4C1D-8B76-16AD41ACD24D}.Debug|Any CPU.Build.0 = Debug|Any CPU
		{BC5F0F5D-713E-4C1D-8B76-16AD41ACD24D}.Debug|Mixed Platforms.ActiveCfg = Debug|Any CPU
		{BC5F0F5D-713E-4C1D-8B76-16AD41ACD24D}.Debug|Mixed Platforms.Build.0 = Debug|Any CPU
		{BC5F0F5D-713E-4C1D-8B76-16AD41ACD24D}.Debug|x86.ActiveCfg = Debug|Any CPU
		{BC5F0F5D-713E-4C1D-8B76-16AD41ACD24D}.MonoDebug|Any CPU.ActiveCfg = Debug|Any CPU
		{BC5F0F5D-713E-4C1D-8B76-16AD41ACD24D}.MonoDebug|Any CPU.Build.0 = Debug|Any CPU
		{BC5F0F5D-713E-4C1D-8B76-16AD41ACD24D}.MonoDebug|Mixed Platforms.ActiveCfg = Debug|Any CPU
		{BC5F0F5D-713E-4C1D-8B76-16AD41ACD24D}.MonoDebug|Mixed Platforms.Build.0 = Debug|Any CPU
		{BC5F0F5D-713E-4C1D-8B76-16AD41ACD24D}.MonoDebug|x86.ActiveCfg = Debug|Any CPU
		{BC5F0F5D-713E-4C1D-8B76-16AD41ACD24D}.MonoRelease|Any CPU.ActiveCfg = Release|Any CPU
		{BC5F0F5D-713E-4C1D-8B76-16AD41ACD24D}.MonoRelease|Any CPU.Build.0 = Release|Any CPU
		{BC5F0F5D-713E-4C1D-8B76-16AD41ACD24D}.MonoRelease|Mixed Platforms.ActiveCfg = Release|Any CPU
		{BC5F0F5D-713E-4C1D-8B76-16AD41ACD24D}.MonoRelease|Mixed Platforms.Build.0 = Release|Any CPU
		{BC5F0F5D-713E-4C1D-8B76-16AD41ACD24D}.MonoRelease|x86.ActiveCfg = Release|Any CPU
		{BC5F0F5D-713E-4C1D-8B76-16AD41ACD24D}.Release|Any CPU.ActiveCfg = Release|Any CPU
		{BC5F0F5D-713E-4C1D-8B76-16AD41ACD24D}.Release|Any CPU.Build.0 = Release|Any CPU
		{BC5F0F5D-713E-4C1D-8B76-16AD41ACD24D}.Release|Mixed Platforms.ActiveCfg = Release|Any CPU
		{BC5F0F5D-713E-4C1D-8B76-16AD41ACD24D}.Release|Mixed Platforms.Build.0 = Release|Any CPU
		{BC5F0F5D-713E-4C1D-8B76-16AD41ACD24D}.Release|x86.ActiveCfg = Release|Any CPU
		{D1A0856E-4C66-4E6A-AC41-212FEA0D3D84}.AutomatedRelease|Any CPU.ActiveCfg = Release|x86
		{D1A0856E-4C66-4E6A-AC41-212FEA0D3D84}.AutomatedRelease|Mixed Platforms.ActiveCfg = Release|x86
		{D1A0856E-4C66-4E6A-AC41-212FEA0D3D84}.AutomatedRelease|Mixed Platforms.Build.0 = Release|x86
		{D1A0856E-4C66-4E6A-AC41-212FEA0D3D84}.AutomatedRelease|x86.ActiveCfg = Release|x86
		{D1A0856E-4C66-4E6A-AC41-212FEA0D3D84}.AutomatedRelease|x86.Build.0 = Release|x86
		{D1A0856E-4C66-4E6A-AC41-212FEA0D3D84}.Debug|Any CPU.ActiveCfg = Debug|x86
		{D1A0856E-4C66-4E6A-AC41-212FEA0D3D84}.Debug|Mixed Platforms.ActiveCfg = Debug|x86
		{D1A0856E-4C66-4E6A-AC41-212FEA0D3D84}.Debug|Mixed Platforms.Build.0 = Debug|x86
		{D1A0856E-4C66-4E6A-AC41-212FEA0D3D84}.Debug|x86.ActiveCfg = Debug|x86
		{D1A0856E-4C66-4E6A-AC41-212FEA0D3D84}.Debug|x86.Build.0 = Debug|x86
		{D1A0856E-4C66-4E6A-AC41-212FEA0D3D84}.MonoDebug|Any CPU.ActiveCfg = Debug|x86
		{D1A0856E-4C66-4E6A-AC41-212FEA0D3D84}.MonoDebug|Mixed Platforms.ActiveCfg = Debug|x86
		{D1A0856E-4C66-4E6A-AC41-212FEA0D3D84}.MonoDebug|Mixed Platforms.Build.0 = Debug|x86
		{D1A0856E-4C66-4E6A-AC41-212FEA0D3D84}.MonoDebug|x86.ActiveCfg = Debug|x86
		{D1A0856E-4C66-4E6A-AC41-212FEA0D3D84}.MonoDebug|x86.Build.0 = Debug|x86
		{D1A0856E-4C66-4E6A-AC41-212FEA0D3D84}.MonoRelease|Any CPU.ActiveCfg = Release|x86
		{D1A0856E-4C66-4E6A-AC41-212FEA0D3D84}.MonoRelease|Mixed Platforms.ActiveCfg = Release|x86
		{D1A0856E-4C66-4E6A-AC41-212FEA0D3D84}.MonoRelease|Mixed Platforms.Build.0 = Release|x86
		{D1A0856E-4C66-4E6A-AC41-212FEA0D3D84}.MonoRelease|x86.ActiveCfg = Release|x86
		{D1A0856E-4C66-4E6A-AC41-212FEA0D3D84}.MonoRelease|x86.Build.0 = Release|x86
		{D1A0856E-4C66-4E6A-AC41-212FEA0D3D84}.Release|Any CPU.ActiveCfg = Release|x86
		{D1A0856E-4C66-4E6A-AC41-212FEA0D3D84}.Release|Mixed Platforms.ActiveCfg = Release|x86
		{D1A0856E-4C66-4E6A-AC41-212FEA0D3D84}.Release|Mixed Platforms.Build.0 = Release|x86
		{D1A0856E-4C66-4E6A-AC41-212FEA0D3D84}.Release|x86.ActiveCfg = Release|x86
		{D1A0856E-4C66-4E6A-AC41-212FEA0D3D84}.Release|x86.Build.0 = Release|x86
		{C38CDE41-1504-4944-AD26-7DF686C70878}.AutomatedRelease|Any CPU.ActiveCfg = Release|Any CPU
		{C38CDE41-1504-4944-AD26-7DF686C70878}.AutomatedRelease|Any CPU.Build.0 = Release|Any CPU
		{C38CDE41-1504-4944-AD26-7DF686C70878}.AutomatedRelease|Mixed Platforms.ActiveCfg = Release|Any CPU
		{C38CDE41-1504-4944-AD26-7DF686C70878}.AutomatedRelease|Mixed Platforms.Build.0 = Release|Any CPU
		{C38CDE41-1504-4944-AD26-7DF686C70878}.AutomatedRelease|x86.ActiveCfg = Release|Any CPU
		{C38CDE41-1504-4944-AD26-7DF686C70878}.Debug|Any CPU.ActiveCfg = Debug|Any CPU
		{C38CDE41-1504-4944-AD26-7DF686C70878}.Debug|Any CPU.Build.0 = Debug|Any CPU
		{C38CDE41-1504-4944-AD26-7DF686C70878}.Debug|Mixed Platforms.ActiveCfg = Debug|Any CPU
		{C38CDE41-1504-4944-AD26-7DF686C70878}.Debug|Mixed Platforms.Build.0 = Debug|Any CPU
		{C38CDE41-1504-4944-AD26-7DF686C70878}.Debug|x86.ActiveCfg = Debug|Any CPU
		{C38CDE41-1504-4944-AD26-7DF686C70878}.MonoDebug|Any CPU.ActiveCfg = Debug|Any CPU
		{C38CDE41-1504-4944-AD26-7DF686C70878}.MonoDebug|Any CPU.Build.0 = Debug|Any CPU
		{C38CDE41-1504-4944-AD26-7DF686C70878}.MonoDebug|Mixed Platforms.ActiveCfg = Debug|Any CPU
		{C38CDE41-1504-4944-AD26-7DF686C70878}.MonoDebug|Mixed Platforms.Build.0 = Debug|Any CPU
		{C38CDE41-1504-4944-AD26-7DF686C70878}.MonoDebug|x86.ActiveCfg = Debug|Any CPU
		{C38CDE41-1504-4944-AD26-7DF686C70878}.MonoRelease|Any CPU.ActiveCfg = Release|Any CPU
		{C38CDE41-1504-4944-AD26-7DF686C70878}.MonoRelease|Any CPU.Build.0 = Release|Any CPU
		{C38CDE41-1504-4944-AD26-7DF686C70878}.MonoRelease|Mixed Platforms.ActiveCfg = Release|Any CPU
		{C38CDE41-1504-4944-AD26-7DF686C70878}.MonoRelease|Mixed Platforms.Build.0 = Release|Any CPU
		{C38CDE41-1504-4944-AD26-7DF686C70878}.MonoRelease|x86.ActiveCfg = Release|Any CPU
		{C38CDE41-1504-4944-AD26-7DF686C70878}.Release|Any CPU.ActiveCfg = Release|Any CPU
		{C38CDE41-1504-4944-AD26-7DF686C70878}.Release|Any CPU.Build.0 = Release|Any CPU
		{C38CDE41-1504-4944-AD26-7DF686C70878}.Release|Mixed Platforms.ActiveCfg = Release|Any CPU
		{C38CDE41-1504-4944-AD26-7DF686C70878}.Release|Mixed Platforms.Build.0 = Release|Any CPU
		{C38CDE41-1504-4944-AD26-7DF686C70878}.Release|x86.ActiveCfg = Release|Any CPU
		{69B34FBC-A9AD-4EE7-B450-E868BB4CF373}.AutomatedRelease|Any CPU.ActiveCfg = Release|Any CPU
		{69B34FBC-A9AD-4EE7-B450-E868BB4CF373}.AutomatedRelease|Any CPU.Build.0 = Release|Any CPU
		{69B34FBC-A9AD-4EE7-B450-E868BB4CF373}.AutomatedRelease|Mixed Platforms.ActiveCfg = Release|Any CPU
		{69B34FBC-A9AD-4EE7-B450-E868BB4CF373}.AutomatedRelease|Mixed Platforms.Build.0 = Release|Any CPU
		{69B34FBC-A9AD-4EE7-B450-E868BB4CF373}.AutomatedRelease|x86.ActiveCfg = Release|Any CPU
		{69B34FBC-A9AD-4EE7-B450-E868BB4CF373}.Debug|Any CPU.ActiveCfg = Debug|Any CPU
		{69B34FBC-A9AD-4EE7-B450-E868BB4CF373}.Debug|Any CPU.Build.0 = Debug|Any CPU
		{69B34FBC-A9AD-4EE7-B450-E868BB4CF373}.Debug|Mixed Platforms.ActiveCfg = Debug|Any CPU
		{69B34FBC-A9AD-4EE7-B450-E868BB4CF373}.Debug|Mixed Platforms.Build.0 = Debug|Any CPU
		{69B34FBC-A9AD-4EE7-B450-E868BB4CF373}.Debug|x86.ActiveCfg = Debug|Any CPU
		{69B34FBC-A9AD-4EE7-B450-E868BB4CF373}.MonoDebug|Any CPU.ActiveCfg = Debug|Any CPU
		{69B34FBC-A9AD-4EE7-B450-E868BB4CF373}.MonoDebug|Any CPU.Build.0 = Debug|Any CPU
		{69B34FBC-A9AD-4EE7-B450-E868BB4CF373}.MonoDebug|Mixed Platforms.ActiveCfg = Debug|Any CPU
		{69B34FBC-A9AD-4EE7-B450-E868BB4CF373}.MonoDebug|Mixed Platforms.Build.0 = Debug|Any CPU
		{69B34FBC-A9AD-4EE7-B450-E868BB4CF373}.MonoDebug|x86.ActiveCfg = Debug|Any CPU
		{69B34FBC-A9AD-4EE7-B450-E868BB4CF373}.MonoRelease|Any CPU.ActiveCfg = Release|Any CPU
		{69B34FBC-A9AD-4EE7-B450-E868BB4CF373}.MonoRelease|Any CPU.Build.0 = Release|Any CPU
		{69B34FBC-A9AD-4EE7-B450-E868BB4CF373}.MonoRelease|Mixed Platforms.ActiveCfg = Release|Any CPU
		{69B34FBC-A9AD-4EE7-B450-E868BB4CF373}.MonoRelease|Mixed Platforms.Build.0 = Release|Any CPU
		{69B34FBC-A9AD-4EE7-B450-E868BB4CF373}.MonoRelease|x86.ActiveCfg = Release|Any CPU
		{69B34FBC-A9AD-4EE7-B450-E868BB4CF373}.Release|Any CPU.ActiveCfg = Release|Any CPU
		{69B34FBC-A9AD-4EE7-B450-E868BB4CF373}.Release|Any CPU.Build.0 = Release|Any CPU
		{69B34FBC-A9AD-4EE7-B450-E868BB4CF373}.Release|Mixed Platforms.ActiveCfg = Release|Any CPU
		{69B34FBC-A9AD-4EE7-B450-E868BB4CF373}.Release|Mixed Platforms.Build.0 = Release|Any CPU
		{69B34FBC-A9AD-4EE7-B450-E868BB4CF373}.Release|x86.ActiveCfg = Release|Any CPU
		{CDE3D01F-D65C-455E-83FB-B5282ACB1222}.AutomatedRelease|Any CPU.ActiveCfg = Release|Any CPU
		{CDE3D01F-D65C-455E-83FB-B5282ACB1222}.AutomatedRelease|Any CPU.Build.0 = Release|Any CPU
		{CDE3D01F-D65C-455E-83FB-B5282ACB1222}.AutomatedRelease|Mixed Platforms.ActiveCfg = Release|Any CPU
		{CDE3D01F-D65C-455E-83FB-B5282ACB1222}.AutomatedRelease|Mixed Platforms.Build.0 = Release|Any CPU
		{CDE3D01F-D65C-455E-83FB-B5282ACB1222}.AutomatedRelease|x86.ActiveCfg = Release|Any CPU
		{CDE3D01F-D65C-455E-83FB-B5282ACB1222}.Debug|Any CPU.ActiveCfg = Debug|Any CPU
		{CDE3D01F-D65C-455E-83FB-B5282ACB1222}.Debug|Any CPU.Build.0 = Debug|Any CPU
		{CDE3D01F-D65C-455E-83FB-B5282ACB1222}.Debug|Mixed Platforms.ActiveCfg = Debug|Any CPU
		{CDE3D01F-D65C-455E-83FB-B5282ACB1222}.Debug|Mixed Platforms.Build.0 = Debug|Any CPU
		{CDE3D01F-D65C-455E-83FB-B5282ACB1222}.Debug|x86.ActiveCfg = Debug|Any CPU
		{CDE3D01F-D65C-455E-83FB-B5282ACB1222}.MonoDebug|Any CPU.ActiveCfg = Debug|Any CPU
		{CDE3D01F-D65C-455E-83FB-B5282ACB1222}.MonoDebug|Any CPU.Build.0 = Debug|Any CPU
		{CDE3D01F-D65C-455E-83FB-B5282ACB1222}.MonoDebug|Mixed Platforms.ActiveCfg = Debug|Any CPU
		{CDE3D01F-D65C-455E-83FB-B5282ACB1222}.MonoDebug|Mixed Platforms.Build.0 = Debug|Any CPU
		{CDE3D01F-D65C-455E-83FB-B5282ACB1222}.MonoDebug|x86.ActiveCfg = Debug|Any CPU
		{CDE3D01F-D65C-455E-83FB-B5282ACB1222}.MonoRelease|Any CPU.ActiveCfg = Release|Any CPU
		{CDE3D01F-D65C-455E-83FB-B5282ACB1222}.MonoRelease|Any CPU.Build.0 = Release|Any CPU
		{CDE3D01F-D65C-455E-83FB-B5282ACB1222}.MonoRelease|Mixed Platforms.ActiveCfg = Release|Any CPU
		{CDE3D01F-D65C-455E-83FB-B5282ACB1222}.MonoRelease|Mixed Platforms.Build.0 = Release|Any CPU
		{CDE3D01F-D65C-455E-83FB-B5282ACB1222}.MonoRelease|x86.ActiveCfg = Release|Any CPU
		{CDE3D01F-D65C-455E-83FB-B5282ACB1222}.Release|Any CPU.ActiveCfg = Release|Any CPU
		{CDE3D01F-D65C-455E-83FB-B5282ACB1222}.Release|Any CPU.Build.0 = Release|Any CPU
		{CDE3D01F-D65C-455E-83FB-B5282ACB1222}.Release|Mixed Platforms.ActiveCfg = Release|Any CPU
		{CDE3D01F-D65C-455E-83FB-B5282ACB1222}.Release|Mixed Platforms.Build.0 = Release|Any CPU
		{CDE3D01F-D65C-455E-83FB-B5282ACB1222}.Release|x86.ActiveCfg = Release|Any CPU
		{0369672A-FA69-4B5F-84C6-3A710BDBCE8D}.AutomatedRelease|Any CPU.ActiveCfg = Release|Any CPU
		{0369672A-FA69-4B5F-84C6-3A710BDBCE8D}.AutomatedRelease|Any CPU.Build.0 = Release|Any CPU
		{0369672A-FA69-4B5F-84C6-3A710BDBCE8D}.AutomatedRelease|Mixed Platforms.ActiveCfg = Release|Any CPU
		{0369672A-FA69-4B5F-84C6-3A710BDBCE8D}.AutomatedRelease|Mixed Platforms.Build.0 = Release|Any CPU
		{0369672A-FA69-4B5F-84C6-3A710BDBCE8D}.AutomatedRelease|x86.ActiveCfg = Release|Any CPU
		{0369672A-FA69-4B5F-84C6-3A710BDBCE8D}.Debug|Any CPU.ActiveCfg = Debug|Any CPU
		{0369672A-FA69-4B5F-84C6-3A710BDBCE8D}.Debug|Any CPU.Build.0 = Debug|Any CPU
		{0369672A-FA69-4B5F-84C6-3A710BDBCE8D}.Debug|Mixed Platforms.ActiveCfg = Debug|Any CPU
		{0369672A-FA69-4B5F-84C6-3A710BDBCE8D}.Debug|Mixed Platforms.Build.0 = Debug|Any CPU
		{0369672A-FA69-4B5F-84C6-3A710BDBCE8D}.Debug|x86.ActiveCfg = Debug|Any CPU
		{0369672A-FA69-4B5F-84C6-3A710BDBCE8D}.MonoDebug|Any CPU.ActiveCfg = Debug|Any CPU
		{0369672A-FA69-4B5F-84C6-3A710BDBCE8D}.MonoDebug|Any CPU.Build.0 = Debug|Any CPU
		{0369672A-FA69-4B5F-84C6-3A710BDBCE8D}.MonoDebug|Mixed Platforms.ActiveCfg = Debug|Any CPU
		{0369672A-FA69-4B5F-84C6-3A710BDBCE8D}.MonoDebug|Mixed Platforms.Build.0 = Debug|Any CPU
		{0369672A-FA69-4B5F-84C6-3A710BDBCE8D}.MonoDebug|x86.ActiveCfg = Debug|Any CPU
		{0369672A-FA69-4B5F-84C6-3A710BDBCE8D}.MonoRelease|Any CPU.ActiveCfg = Release|Any CPU
		{0369672A-FA69-4B5F-84C6-3A710BDBCE8D}.MonoRelease|Any CPU.Build.0 = Release|Any CPU
		{0369672A-FA69-4B5F-84C6-3A710BDBCE8D}.MonoRelease|Mixed Platforms.ActiveCfg = Release|Any CPU
		{0369672A-FA69-4B5F-84C6-3A710BDBCE8D}.MonoRelease|Mixed Platforms.Build.0 = Release|Any CPU
		{0369672A-FA69-4B5F-84C6-3A710BDBCE8D}.MonoRelease|x86.ActiveCfg = Release|Any CPU
		{0369672A-FA69-4B5F-84C6-3A710BDBCE8D}.Release|Any CPU.ActiveCfg = Release|Any CPU
		{0369672A-FA69-4B5F-84C6-3A710BDBCE8D}.Release|Any CPU.Build.0 = Release|Any CPU
		{0369672A-FA69-4B5F-84C6-3A710BDBCE8D}.Release|Mixed Platforms.ActiveCfg = Release|Any CPU
		{0369672A-FA69-4B5F-84C6-3A710BDBCE8D}.Release|Mixed Platforms.Build.0 = Release|Any CPU
		{0369672A-FA69-4B5F-84C6-3A710BDBCE8D}.Release|x86.ActiveCfg = Release|Any CPU
		{3D27F3B9-D705-4BEE-80E7-B16AA2ACD2C5}.AutomatedRelease|Any CPU.ActiveCfg = Release|Any CPU
		{3D27F3B9-D705-4BEE-80E7-B16AA2ACD2C5}.AutomatedRelease|Any CPU.Build.0 = Release|Any CPU
		{3D27F3B9-D705-4BEE-80E7-B16AA2ACD2C5}.AutomatedRelease|Mixed Platforms.ActiveCfg = Release|Any CPU
		{3D27F3B9-D705-4BEE-80E7-B16AA2ACD2C5}.AutomatedRelease|Mixed Platforms.Build.0 = Release|Any CPU
		{3D27F3B9-D705-4BEE-80E7-B16AA2ACD2C5}.AutomatedRelease|x86.ActiveCfg = Release|Any CPU
		{3D27F3B9-D705-4BEE-80E7-B16AA2ACD2C5}.Debug|Any CPU.ActiveCfg = Debug|Any CPU
		{3D27F3B9-D705-4BEE-80E7-B16AA2ACD2C5}.Debug|Any CPU.Build.0 = Debug|Any CPU
		{3D27F3B9-D705-4BEE-80E7-B16AA2ACD2C5}.Debug|Mixed Platforms.ActiveCfg = Debug|Any CPU
		{3D27F3B9-D705-4BEE-80E7-B16AA2ACD2C5}.Debug|Mixed Platforms.Build.0 = Debug|Any CPU
		{3D27F3B9-D705-4BEE-80E7-B16AA2ACD2C5}.Debug|x86.ActiveCfg = Debug|Any CPU
		{3D27F3B9-D705-4BEE-80E7-B16AA2ACD2C5}.MonoDebug|Any CPU.ActiveCfg = Debug|Any CPU
		{3D27F3B9-D705-4BEE-80E7-B16AA2ACD2C5}.MonoDebug|Any CPU.Build.0 = Debug|Any CPU
		{3D27F3B9-D705-4BEE-80E7-B16AA2ACD2C5}.MonoDebug|Mixed Platforms.ActiveCfg = Debug|Any CPU
		{3D27F3B9-D705-4BEE-80E7-B16AA2ACD2C5}.MonoDebug|Mixed Platforms.Build.0 = Debug|Any CPU
		{3D27F3B9-D705-4BEE-80E7-B16AA2ACD2C5}.MonoDebug|x86.ActiveCfg = Debug|Any CPU
		{3D27F3B9-D705-4BEE-80E7-B16AA2ACD2C5}.MonoRelease|Any CPU.ActiveCfg = Release|Any CPU
		{3D27F3B9-D705-4BEE-80E7-B16AA2ACD2C5}.MonoRelease|Any CPU.Build.0 = Release|Any CPU
		{3D27F3B9-D705-4BEE-80E7-B16AA2ACD2C5}.MonoRelease|Mixed Platforms.ActiveCfg = Release|Any CPU
		{3D27F3B9-D705-4BEE-80E7-B16AA2ACD2C5}.MonoRelease|Mixed Platforms.Build.0 = Release|Any CPU
		{3D27F3B9-D705-4BEE-80E7-B16AA2ACD2C5}.MonoRelease|x86.ActiveCfg = Release|Any CPU
		{3D27F3B9-D705-4BEE-80E7-B16AA2ACD2C5}.Release|Any CPU.ActiveCfg = Release|Any CPU
		{3D27F3B9-D705-4BEE-80E7-B16AA2ACD2C5}.Release|Any CPU.Build.0 = Release|Any CPU
		{3D27F3B9-D705-4BEE-80E7-B16AA2ACD2C5}.Release|Mixed Platforms.ActiveCfg = Release|Any CPU
		{3D27F3B9-D705-4BEE-80E7-B16AA2ACD2C5}.Release|Mixed Platforms.Build.0 = Release|Any CPU
		{3D27F3B9-D705-4BEE-80E7-B16AA2ACD2C5}.Release|x86.ActiveCfg = Release|Any CPU
		{B706B158-5AC2-460D-A6A7-54AD16CE29AE}.AutomatedRelease|Any CPU.ActiveCfg = Release|Any CPU
		{B706B158-5AC2-460D-A6A7-54AD16CE29AE}.AutomatedRelease|Any CPU.Build.0 = Release|Any CPU
		{B706B158-5AC2-460D-A6A7-54AD16CE29AE}.AutomatedRelease|Mixed Platforms.ActiveCfg = Release|Any CPU
		{B706B158-5AC2-460D-A6A7-54AD16CE29AE}.AutomatedRelease|Mixed Platforms.Build.0 = Release|Any CPU
		{B706B158-5AC2-460D-A6A7-54AD16CE29AE}.AutomatedRelease|x86.ActiveCfg = Release|Any CPU
		{B706B158-5AC2-460D-A6A7-54AD16CE29AE}.Debug|Any CPU.ActiveCfg = Debug|Any CPU
		{B706B158-5AC2-460D-A6A7-54AD16CE29AE}.Debug|Any CPU.Build.0 = Debug|Any CPU
		{B706B158-5AC2-460D-A6A7-54AD16CE29AE}.Debug|Mixed Platforms.ActiveCfg = Debug|Any CPU
		{B706B158-5AC2-460D-A6A7-54AD16CE29AE}.Debug|Mixed Platforms.Build.0 = Debug|Any CPU
		{B706B158-5AC2-460D-A6A7-54AD16CE29AE}.Debug|x86.ActiveCfg = Debug|Any CPU
		{B706B158-5AC2-460D-A6A7-54AD16CE29AE}.MonoDebug|Any CPU.ActiveCfg = Debug|Any CPU
		{B706B158-5AC2-460D-A6A7-54AD16CE29AE}.MonoDebug|Any CPU.Build.0 = Debug|Any CPU
		{B706B158-5AC2-460D-A6A7-54AD16CE29AE}.MonoDebug|Mixed Platforms.ActiveCfg = Debug|Any CPU
		{B706B158-5AC2-460D-A6A7-54AD16CE29AE}.MonoDebug|Mixed Platforms.Build.0 = Debug|Any CPU
		{B706B158-5AC2-460D-A6A7-54AD16CE29AE}.MonoDebug|x86.ActiveCfg = Debug|Any CPU
		{B706B158-5AC2-460D-A6A7-54AD16CE29AE}.MonoRelease|Any CPU.ActiveCfg = Release|Any CPU
		{B706B158-5AC2-460D-A6A7-54AD16CE29AE}.MonoRelease|Any CPU.Build.0 = Release|Any CPU
		{B706B158-5AC2-460D-A6A7-54AD16CE29AE}.MonoRelease|Mixed Platforms.ActiveCfg = Release|Any CPU
		{B706B158-5AC2-460D-A6A7-54AD16CE29AE}.MonoRelease|Mixed Platforms.Build.0 = Release|Any CPU
		{B706B158-5AC2-460D-A6A7-54AD16CE29AE}.MonoRelease|x86.ActiveCfg = Release|Any CPU
		{B706B158-5AC2-460D-A6A7-54AD16CE29AE}.Release|Any CPU.ActiveCfg = Release|Any CPU
		{B706B158-5AC2-460D-A6A7-54AD16CE29AE}.Release|Any CPU.Build.0 = Release|Any CPU
		{B706B158-5AC2-460D-A6A7-54AD16CE29AE}.Release|Mixed Platforms.ActiveCfg = Release|Any CPU
		{B706B158-5AC2-460D-A6A7-54AD16CE29AE}.Release|Mixed Platforms.Build.0 = Release|Any CPU
		{B706B158-5AC2-460D-A6A7-54AD16CE29AE}.Release|x86.ActiveCfg = Release|Any CPU
		{8C64CFE7-6379-44C7-8A88-77B5E0388417}.AutomatedRelease|Any CPU.ActiveCfg = Release|Any CPU
		{8C64CFE7-6379-44C7-8A88-77B5E0388417}.AutomatedRelease|Any CPU.Build.0 = Release|Any CPU
		{8C64CFE7-6379-44C7-8A88-77B5E0388417}.AutomatedRelease|Mixed Platforms.ActiveCfg = Release|Any CPU
		{8C64CFE7-6379-44C7-8A88-77B5E0388417}.AutomatedRelease|Mixed Platforms.Build.0 = Release|Any CPU
		{8C64CFE7-6379-44C7-8A88-77B5E0388417}.AutomatedRelease|x86.ActiveCfg = Release|Any CPU
		{8C64CFE7-6379-44C7-8A88-77B5E0388417}.Debug|Any CPU.ActiveCfg = Debug|Any CPU
		{8C64CFE7-6379-44C7-8A88-77B5E0388417}.Debug|Any CPU.Build.0 = Debug|Any CPU
		{8C64CFE7-6379-44C7-8A88-77B5E0388417}.Debug|Mixed Platforms.ActiveCfg = Debug|Any CPU
		{8C64CFE7-6379-44C7-8A88-77B5E0388417}.Debug|Mixed Platforms.Build.0 = Debug|Any CPU
		{8C64CFE7-6379-44C7-8A88-77B5E0388417}.Debug|x86.ActiveCfg = Debug|Any CPU
		{8C64CFE7-6379-44C7-8A88-77B5E0388417}.MonoDebug|Any CPU.ActiveCfg = Debug|Any CPU
		{8C64CFE7-6379-44C7-8A88-77B5E0388417}.MonoDebug|Any CPU.Build.0 = Debug|Any CPU
		{8C64CFE7-6379-44C7-8A88-77B5E0388417}.MonoDebug|Mixed Platforms.ActiveCfg = Debug|Any CPU
		{8C64CFE7-6379-44C7-8A88-77B5E0388417}.MonoDebug|Mixed Platforms.Build.0 = Debug|Any CPU
		{8C64CFE7-6379-44C7-8A88-77B5E0388417}.MonoDebug|x86.ActiveCfg = Debug|Any CPU
		{8C64CFE7-6379-44C7-8A88-77B5E0388417}.MonoRelease|Any CPU.ActiveCfg = Release|Any CPU
		{8C64CFE7-6379-44C7-8A88-77B5E0388417}.MonoRelease|Any CPU.Build.0 = Release|Any CPU
		{8C64CFE7-6379-44C7-8A88-77B5E0388417}.MonoRelease|Mixed Platforms.ActiveCfg = Release|Any CPU
		{8C64CFE7-6379-44C7-8A88-77B5E0388417}.MonoRelease|Mixed Platforms.Build.0 = Release|Any CPU
		{8C64CFE7-6379-44C7-8A88-77B5E0388417}.MonoRelease|x86.ActiveCfg = Release|Any CPU
		{8C64CFE7-6379-44C7-8A88-77B5E0388417}.Release|Any CPU.ActiveCfg = Release|Any CPU
		{8C64CFE7-6379-44C7-8A88-77B5E0388417}.Release|Any CPU.Build.0 = Release|Any CPU
		{8C64CFE7-6379-44C7-8A88-77B5E0388417}.Release|Mixed Platforms.ActiveCfg = Release|Any CPU
		{8C64CFE7-6379-44C7-8A88-77B5E0388417}.Release|Mixed Platforms.Build.0 = Release|Any CPU
		{8C64CFE7-6379-44C7-8A88-77B5E0388417}.Release|x86.ActiveCfg = Release|Any CPU
	EndGlobalSection
	GlobalSection(SolutionProperties) = preSolution
		HideSolutionNode = FALSE
	EndGlobalSection
	GlobalSection(NestedProjects) = preSolution
		{5CF80BBC-A484-4339-ADE6-F6C902B961B1} = {3CBF8842-15D2-417F-84DA-237C457273AB}
		{639F640B-BE3D-4E53-87B8-80D652889851} = {3CBF8842-15D2-417F-84DA-237C457273AB}
		{3D27F3B9-D705-4BEE-80E7-B16AA2ACD2C5} = {3CBF8842-15D2-417F-84DA-237C457273AB}
		{9FBC4FF3-0992-46F0-80B0-7AC971C78E00} = {8320022E-4A22-417F-8CED-FB194BB063E9}
		{C74D19F4-3541-4954-87EA-ADDFDC9B3C6A} = {8320022E-4A22-417F-8CED-FB194BB063E9}
		{403DB2FF-5FE3-4A27-9F13-F10F46DF9990} = {8320022E-4A22-417F-8CED-FB194BB063E9}
		{CECA9509-77E6-4618-9D15-27BE3A311D35} = {8320022E-4A22-417F-8CED-FB194BB063E9}
		{FB1D2D57-AC4A-4422-BC5B-D68E41B98FAD} = {9FBC4FF3-0992-46F0-80B0-7AC971C78E00}
		{54C3F77D-5E13-4FA9-B8AE-65DE8C1A9D7C} = {9FBC4FF3-0992-46F0-80B0-7AC971C78E00}
		{C04698CD-7517-496C-A5E1-66A3AC7E34C4} = {C74D19F4-3541-4954-87EA-ADDFDC9B3C6A}
		{BC5F0F5D-713E-4C1D-8B76-16AD41ACD24D} = {C74D19F4-3541-4954-87EA-ADDFDC9B3C6A}
		{88070415-7AA8-4C82-BC2D-983BB8116FF7} = {AA3680F1-4CBD-44ED-8649-D06825C13F09}
		{646ADAB1-E048-4AB5-B7B7-1F61F3151E04} = {AA3680F1-4CBD-44ED-8649-D06825C13F09}
		{CDE3D01F-D65C-455E-83FB-B5282ACB1222} = {AA3680F1-4CBD-44ED-8649-D06825C13F09}
		{0369672A-FA69-4B5F-84C6-3A710BDBCE8D} = {AA3680F1-4CBD-44ED-8649-D06825C13F09}
		{D1A0856E-4C66-4E6A-AC41-212FEA0D3D84} = {816ECE4E-225B-427D-AB3D-1E1DED1AC833}
		{C38CDE41-1504-4944-AD26-7DF686C70878} = {403DB2FF-5FE3-4A27-9F13-F10F46DF9990}
		{69B34FBC-A9AD-4EE7-B450-E868BB4CF373} = {403DB2FF-5FE3-4A27-9F13-F10F46DF9990}
		{9E6115E0-9A7B-42AB-B512-C8B251F4B3A3} = {A0AF2FB0-56C0-4614-AEE8-B969B08D8943}
		{B706B158-5AC2-460D-A6A7-54AD16CE29AE} = {A0AF2FB0-56C0-4614-AEE8-B969B08D8943}
		{8C64CFE7-6379-44C7-8A88-77B5E0388417} = {A0AF2FB0-56C0-4614-AEE8-B969B08D8943}
	EndGlobalSection
EndGlobal
